<Solution>
  <Folder Name="/bench/">
    <Project Path="bench/BlazorScanner.Benchmarks/BlazorScanner.Benchmarks.csproj" />
  </Folder>
  <Folder Name="/samples/">
    <Project Path="samples/BlazorScanner.Demo/BlazorScanner.Demo.csproj" />
  </Folder>
  <Folder Name="/src/">
    <Project Path="src/BlazorScanner/BlazorScanner.csproj" />
  </Folder>
  <Folder Name="/tests/">
    <Project Path="tests/BlazorScanner.TestKit/BlazorScanner.TestKit.csproj" />
    <Project Path="tests/BlazorScanner.Tests/BlazorScanner.Tests.csproj" />
  </Folder>
</Solution>
